// !$*UTF8*$!
{
	archiveVersion = 1;
	classes = {
	};
	objectVersion = 50;
	objects = {

/* Begin PBXBuildFile section */
		EF0D440120D9B72B0073E126 /* PreferenceList.swift in Sources */ = {isa = PBXBuildFile; fileRef = EF0D440020D9B72B0073E126 /* PreferenceList.swift */; };
		EF20B4D320D6F373001D70BD /* RoundPrice.swift in Sources */ = {isa = PBXBuildFile; fileRef = EF20B4D220D6F373001D70BD /* RoundPrice.swift */; };
		EF20B4D520D76250001D70BD /* RegExMatching.swift in Sources */ = {isa = PBXBuildFile; fileRef = EF20B4D420D76250001D70BD /* RegExMatching.swift */; };
		EF4D977D20D48AA300DBA63F /* BuddyList.swift in Sources */ = {isa = PBXBuildFile; fileRef = EF4D977C20D48AA300DBA63F /* BuddyList.swift */; };
		EF4D977F20D4909300DBA63F /* IPtoCidr.swift in Sources */ = {isa = PBXBuildFile; fileRef = EF4D977E20D4909300DBA63F /* IPtoCidr.swift */; };
		EF4D978420D4B95C00DBA63F /* PourWater.swift in Sources */ = {isa = PBXBuildFile; fileRef = EF4D978320D4B95C00DBA63F /* PourWater.swift */; };
		EF4D978620D56CC000DBA63F /* ScheduleMeeting.swift in Sources */ = {isa = PBXBuildFile; fileRef = EF4D978520D56CC000DBA63F /* ScheduleMeeting.swift */; };
		EF4D978820D56CF800DBA63F /* CheapestFlight.swift in Sources */ = {isa = PBXBuildFile; fileRef = EF4D978720D56CF800DBA63F /* CheapestFlight.swift */; };
		EF679A7A20D204BE0027F3AC /* Trie.swift in Sources */ = {isa = PBXBuildFile; fileRef = EF679A7920D204BE0027F3AC /* Trie.swift */; };
		EF679A7C20D20D8B0027F3AC /* Utility.swift in Sources */ = {isa = PBXBuildFile; fileRef = EF679A7B20D20D8B0027F3AC /* Utility.swift */; };
		EF679A7E20D2193A0027F3AC /* TextJustify.swift in Sources */ = {isa = PBXBuildFile; fileRef = EF679A7D20D2193A0027F3AC /* TextJustify.swift */; };
		EF679A8220D21F1D0027F3AC /* Extensions.swift in Sources */ = {isa = PBXBuildFile; fileRef = EF679A8120D21F1D0027F3AC /* Extensions.swift */; };
		EF679A8420D2C3430027F3AC /* AlienDictionary.swift in Sources */ = {isa = PBXBuildFile; fileRef = EF679A8320D2C3430027F3AC /* AlienDictionary.swift */; };
		EF679A8620D2CDF90027F3AC /* WordSearch2.swift in Sources */ = {isa = PBXBuildFile; fileRef = EF679A8520D2CDF90027F3AC /* WordSearch2.swift */; };
		EF679A8B20D2D5870027F3AC /* Flatten2DVector.swift in Sources */ = {isa = PBXBuildFile; fileRef = EF679A8A20D2D5870027F3AC /* Flatten2DVector.swift */; };
		EF679A8D20D30BC60027F3AC /* PalindromePairs.swift in Sources */ = {isa = PBXBuildFile; fileRef = EF679A8C20D30BC60027F3AC /* PalindromePairs.swift */; };
		EF9E578820D202D7007A8615 /* alg.framework in Frameworks */ = {isa = PBXBuildFile; fileRef = EF9E577E20D202D7007A8615 /* alg.framework */; };
		EF9E578D20D202D7007A8615 /* algTests.swift in Sources */ = {isa = PBXBuildFile; fileRef = EF9E578C20D202D7007A8615 /* algTests.swift */; };
		EF9E578F20D202D7007A8615 /* alg.h in Headers */ = {isa = PBXBuildFile; fileRef = EF9E578120D202D7007A8615 /* alg.h */; settings = {ATTRIBUTES = (Public, ); }; };
		EFB4BDA420D3732200773053 /* Misc.swift in Sources */ = {isa = PBXBuildFile; fileRef = EFB4BDA320D3732200773053 /* Misc.swift */; };
		EFB4BDA720D4377C00773053 /* QueueWithFixedArray.swift in Sources */ = {isa = PBXBuildFile; fileRef = EFB4BDA620D4377C00773053 /* QueueWithFixedArray.swift */; };
		EFB4BDA920D4585100773053 /* DisplayPage.swift in Sources */ = {isa = PBXBuildFile; fileRef = EFB4BDA820D4585100773053 /* DisplayPage.swift */; };
		EFE9938320D9C98F00E24E63 /* SlidingGame.swift in Sources */ = {isa = PBXBuildFile; fileRef = EFE9938220D9C98F00E24E63 /* SlidingGame.swift */; };
		EFE9938520D9CF8600E24E63 /* CSVParser.swift in Sources */ = {isa = PBXBuildFile; fileRef = EFE9938420D9CF8600E24E63 /* CSVParser.swift */; };
		EFE9938720D9D3A500E24E63 /* MiniParser.swift in Sources */ = {isa = PBXBuildFile; fileRef = EFE9938620D9D3A500E24E63 /* MiniParser.swift */; };
		EFF0F75A20D95E7600D7DEC1 /* Wizard.swift in Sources */ = {isa = PBXBuildFile; fileRef = EFF0F75920D95E7600D7DEC1 /* Wizard.swift */; };
		EFF0F75F20D9970400D7DEC1 /* FloodFill.swift in Sources */ = {isa = PBXBuildFile; fileRef = EFF0F75E20D9970400D7DEC1 /* FloodFill.swift */; };
		EFF0F76120D9A5D900D7DEC1 /* MenuCombinationSum.swift in Sources */ = {isa = PBXBuildFile; fileRef = EFF0F76020D9A5D900D7DEC1 /* MenuCombinationSum.swift */; };
		EFF0F76320D9B6EE00D7DEC1 /* MinimumVortex.swift in Sources */ = {isa = PBXBuildFile; fileRef = EFF0F76220D9B6EE00D7DEC1 /* MinimumVortex.swift */; };
/* End PBXBuildFile section */

/* Begin PBXContainerItemProxy section */
		EF9E578920D202D7007A8615 /* PBXContainerItemProxy */ = {
			isa = PBXContainerItemProxy;
			containerPortal = EF9E577520D202D7007A8615 /* Project object */;
			proxyType = 1;
			remoteGlobalIDString = EF9E577D20D202D7007A8615;
			remoteInfo = alg;
		};
/* End PBXContainerItemProxy section */

/* Begin PBXFileReference section */
		EF0D440020D9B72B0073E126 /* PreferenceList.swift */ = {isa = PBXFileReference; lastKnownFileType = sourcecode.swift; path = PreferenceList.swift; sourceTree = "<group>"; };
		EF20B4D220D6F373001D70BD /* RoundPrice.swift */ = {isa = PBXFileReference; lastKnownFileType = sourcecode.swift; path = RoundPrice.swift; sourceTree = "<group>"; };
		EF20B4D420D76250001D70BD /* RegExMatching.swift */ = {isa = PBXFileReference; lastKnownFileType = sourcecode.swift; path = RegExMatching.swift; sourceTree = "<group>"; };
		EF4D977C20D48AA300DBA63F /* BuddyList.swift */ = {isa = PBXFileReference; lastKnownFileType = sourcecode.swift; path = BuddyList.swift; sourceTree = "<group>"; };
		EF4D977E20D4909300DBA63F /* IPtoCidr.swift */ = {isa = PBXFileReference; lastKnownFileType = sourcecode.swift; path = IPtoCidr.swift; sourceTree = "<group>"; };
		EF4D978320D4B95C00DBA63F /* PourWater.swift */ = {isa = PBXFileReference; lastKnownFileType = sourcecode.swift; path = PourWater.swift; sourceTree = "<group>"; };
		EF4D978520D56CC000DBA63F /* ScheduleMeeting.swift */ = {isa = PBXFileReference; lastKnownFileType = sourcecode.swift; path = ScheduleMeeting.swift; sourceTree = "<group>"; };
		EF4D978720D56CF800DBA63F /* CheapestFlight.swift */ = {isa = PBXFileReference; lastKnownFileType = sourcecode.swift; path = CheapestFlight.swift; sourceTree = "<group>"; };
		EF679A7920D204BE0027F3AC /* Trie.swift */ = {isa = PBXFileReference; lastKnownFileType = sourcecode.swift; path = Trie.swift; sourceTree = "<group>"; };
		EF679A7B20D20D8B0027F3AC /* Utility.swift */ = {isa = PBXFileReference; lastKnownFileType = sourcecode.swift; path = Utility.swift; sourceTree = "<group>"; };
		EF679A7D20D2193A0027F3AC /* TextJustify.swift */ = {isa = PBXFileReference; lastKnownFileType = sourcecode.swift; path = TextJustify.swift; sourceTree = "<group>"; };
		EF679A8120D21F1D0027F3AC /* Extensions.swift */ = {isa = PBXFileReference; lastKnownFileType = sourcecode.swift; path = Extensions.swift; sourceTree = "<group>"; };
		EF679A8320D2C3430027F3AC /* AlienDictionary.swift */ = {isa = PBXFileReference; lastKnownFileType = sourcecode.swift; path = AlienDictionary.swift; sourceTree = "<group>"; };
		EF679A8520D2CDF90027F3AC /* WordSearch2.swift */ = {isa = PBXFileReference; lastKnownFileType = sourcecode.swift; path = WordSearch2.swift; sourceTree = "<group>"; };
		EF679A8A20D2D5870027F3AC /* Flatten2DVector.swift */ = {isa = PBXFileReference; lastKnownFileType = sourcecode.swift; path = Flatten2DVector.swift; sourceTree = "<group>"; };
		EF679A8C20D30BC60027F3AC /* PalindromePairs.swift */ = {isa = PBXFileReference; lastKnownFileType = sourcecode.swift; path = PalindromePairs.swift; sourceTree = "<group>"; };
		EF9E577E20D202D7007A8615 /* alg.framework */ = {isa = PBXFileReference; explicitFileType = wrapper.framework; includeInIndex = 0; path = alg.framework; sourceTree = BUILT_PRODUCTS_DIR; };
		EF9E578120D202D7007A8615 /* alg.h */ = {isa = PBXFileReference; lastKnownFileType = sourcecode.c.h; path = alg.h; sourceTree = "<group>"; };
		EF9E578220D202D7007A8615 /* Info.plist */ = {isa = PBXFileReference; lastKnownFileType = text.plist.xml; path = Info.plist; sourceTree = "<group>"; };
		EF9E578720D202D7007A8615 /* algTests.xctest */ = {isa = PBXFileReference; explicitFileType = wrapper.cfbundle; includeInIndex = 0; path = algTests.xctest; sourceTree = BUILT_PRODUCTS_DIR; };
		EF9E578C20D202D7007A8615 /* algTests.swift */ = {isa = PBXFileReference; lastKnownFileType = sourcecode.swift; path = algTests.swift; sourceTree = "<group>"; };
		EF9E578E20D202D7007A8615 /* Info.plist */ = {isa = PBXFileReference; lastKnownFileType = text.plist.xml; path = Info.plist; sourceTree = "<group>"; };
		EFB4BDA320D3732200773053 /* Misc.swift */ = {isa = PBXFileReference; lastKnownFileType = sourcecode.swift; path = Misc.swift; sourceTree = "<group>"; };
		EFB4BDA620D4377C00773053 /* QueueWithFixedArray.swift */ = {isa = PBXFileReference; lastKnownFileType = sourcecode.swift; path = QueueWithFixedArray.swift; sourceTree = "<group>"; };
		EFB4BDA820D4585100773053 /* DisplayPage.swift */ = {isa = PBXFileReference; lastKnownFileType = sourcecode.swift; path = DisplayPage.swift; sourceTree = "<group>"; };
		EFE9938220D9C98F00E24E63 /* SlidingGame.swift */ = {isa = PBXFileReference; lastKnownFileType = sourcecode.swift; path = SlidingGame.swift; sourceTree = "<group>"; };
		EFE9938420D9CF8600E24E63 /* CSVParser.swift */ = {isa = PBXFileReference; lastKnownFileType = sourcecode.swift; path = CSVParser.swift; sourceTree = "<group>"; };
		EFE9938620D9D3A500E24E63 /* MiniParser.swift */ = {isa = PBXFileReference; lastKnownFileType = sourcecode.swift; path = MiniParser.swift; sourceTree = "<group>"; };
		EFF0F75920D95E7600D7DEC1 /* Wizard.swift */ = {isa = PBXFileReference; lastKnownFileType = sourcecode.swift; path = Wizard.swift; sourceTree = "<group>"; };
		EFF0F75E20D9970400D7DEC1 /* FloodFill.swift */ = {isa = PBXFileReference; lastKnownFileType = sourcecode.swift; path = FloodFill.swift; sourceTree = "<group>"; };
		EFF0F76020D9A5D900D7DEC1 /* MenuCombinationSum.swift */ = {isa = PBXFileReference; lastKnownFileType = sourcecode.swift; path = MenuCombinationSum.swift; sourceTree = "<group>"; };
		EFF0F76220D9B6EE00D7DEC1 /* MinimumVortex.swift */ = {isa = PBXFileReference; lastKnownFileType = sourcecode.swift; path = MinimumVortex.swift; sourceTree = "<group>"; };
/* End PBXFileReference section */

/* Begin PBXFrameworksBuildPhase section */
		EF9E577A20D202D7007A8615 /* Frameworks */ = {
			isa = PBXFrameworksBuildPhase;
			buildActionMask = 2147483647;
			files = (
			);
			runOnlyForDeploymentPostprocessing = 0;
		};
		EF9E578420D202D7007A8615 /* Frameworks */ = {
			isa = PBXFrameworksBuildPhase;
			buildActionMask = 2147483647;
			files = (
				EF9E578820D202D7007A8615 /* alg.framework in Frameworks */,
			);
			runOnlyForDeploymentPostprocessing = 0;
		};
/* End PBXFrameworksBuildPhase section */

/* Begin PBXGroup section */
		EF4D978220D4B89E00DBA63F /* LC-M */ = {
			isa = PBXGroup;
			children = (
				EF4D977E20D4909300DBA63F /* IPtoCidr.swift */,
				EF679A8A20D2D5870027F3AC /* Flatten2DVector.swift */,
				EF4D978320D4B95C00DBA63F /* PourWater.swift */,
				EF4D978520D56CC000DBA63F /* ScheduleMeeting.swift */,
				EF4D978720D56CF800DBA63F /* CheapestFlight.swift */,
				EFE9938620D9D3A500E24E63 /* MiniParser.swift */,
			);
			path = "LC-M";
			sourceTree = "<group>";
		};
		EF679A8720D2CE520027F3AC /* Utility */ = {
			isa = PBXGroup;
			children = (
				EF679A8120D21F1D0027F3AC /* Extensions.swift */,
			);
			path = Utility;
			sourceTree = "<group>";
		};
		EF679A8E20D333F10027F3AC /* LC-H */ = {
			isa = PBXGroup;
			children = (
				EF679A7D20D2193A0027F3AC /* TextJustify.swift */,
				EF679A8320D2C3430027F3AC /* AlienDictionary.swift */,
				EF679A8520D2CDF90027F3AC /* WordSearch2.swift */,
				EF679A8C20D30BC60027F3AC /* PalindromePairs.swift */,
				EF20B4D420D76250001D70BD /* RegExMatching.swift */,
			);
			path = "LC-H";
			sourceTree = "<group>";
		};
		EF9E577420D202D7007A8615 = {
			isa = PBXGroup;
			children = (
				EF9E578020D202D7007A8615 /* alg */,
				EF9E578B20D202D7007A8615 /* algTests */,
				EF9E577F20D202D7007A8615 /* Products */,
			);
			sourceTree = "<group>";
		};
		EF9E577F20D202D7007A8615 /* Products */ = {
			isa = PBXGroup;
			children = (
				EF9E577E20D202D7007A8615 /* alg.framework */,
				EF9E578720D202D7007A8615 /* algTests.xctest */,
			);
			name = Products;
			sourceTree = "<group>";
		};
		EF9E578020D202D7007A8615 /* alg */ = {
			isa = PBXGroup;
			children = (
				EF9E578120D202D7007A8615 /* alg.h */,
				EF9E578220D202D7007A8615 /* Info.plist */,
				EF4D978220D4B89E00DBA63F /* LC-M */,
				EFB4BDA520D42C3A00773053 /* Others */,
				EF679A8720D2CE520027F3AC /* Utility */,
				EF679A8E20D333F10027F3AC /* LC-H */,
				EFB4BDA320D3732200773053 /* Misc.swift */,
			);
			path = alg;
			sourceTree = "<group>";
		};
		EF9E578B20D202D7007A8615 /* algTests */ = {
			isa = PBXGroup;
			children = (
				EF9E578C20D202D7007A8615 /* algTests.swift */,
				EF9E578E20D202D7007A8615 /* Info.plist */,
				EF679A7B20D20D8B0027F3AC /* Utility.swift */,
			);
			path = algTests;
			sourceTree = "<group>";
		};
		EFB4BDA520D42C3A00773053 /* Others */ = {
			isa = PBXGroup;
			children = (
				EF679A7920D204BE0027F3AC /* Trie.swift */,
				EFB4BDA620D4377C00773053 /* QueueWithFixedArray.swift */,
				EFB4BDA820D4585100773053 /* DisplayPage.swift */,
				EF4D977C20D48AA300DBA63F /* BuddyList.swift */,
				EF20B4D220D6F373001D70BD /* RoundPrice.swift */,
				EFE9938420D9CF8600E24E63 /* CSVParser.swift */,
				EFF0F75B20D95E7900D7DEC1 /* DFS */,
			);
			path = Others;
			sourceTree = "<group>";
		};
		EFE9938120D9C95D00E24E63 /* hh */ = {
			isa = PBXGroup;
			children = (
				EFF0F76220D9B6EE00D7DEC1 /* MinimumVortex.swift */,
			);
			path = hh;
			sourceTree = "<group>";
		};
		EFF0F75B20D95E7900D7DEC1 /* DFS */ = {
			isa = PBXGroup;
			children = (
				EFF0F75920D95E7600D7DEC1 /* Wizard.swift */,
				EFF0F75E20D9970400D7DEC1 /* FloodFill.swift */,
				EFF0F76020D9A5D900D7DEC1 /* MenuCombinationSum.swift */,
				EFE9938120D9C95D00E24E63 /* hh */,
				EF0D440020D9B72B0073E126 /* PreferenceList.swift */,
				EFE9938220D9C98F00E24E63 /* SlidingGame.swift */,
			);
			path = DFS;
			sourceTree = "<group>";
		};
/* End PBXGroup section */

/* Begin PBXHeadersBuildPhase section */
		EF9E577B20D202D7007A8615 /* Headers */ = {
			isa = PBXHeadersBuildPhase;
			buildActionMask = 2147483647;
			files = (
				EF9E578F20D202D7007A8615 /* alg.h in Headers */,
			);
			runOnlyForDeploymentPostprocessing = 0;
		};
/* End PBXHeadersBuildPhase section */

/* Begin PBXNativeTarget section */
		EF9E577D20D202D7007A8615 /* alg */ = {
			isa = PBXNativeTarget;
			buildConfigurationList = EF9E579220D202D7007A8615 /* Build configuration list for PBXNativeTarget "alg" */;
			buildPhases = (
				EF9E577920D202D7007A8615 /* Sources */,
				EF9E577A20D202D7007A8615 /* Frameworks */,
				EF9E577B20D202D7007A8615 /* Headers */,
				EF9E577C20D202D7007A8615 /* Resources */,
			);
			buildRules = (
			);
			dependencies = (
			);
			name = alg;
			productName = alg;
			productReference = EF9E577E20D202D7007A8615 /* alg.framework */;
			productType = "com.apple.product-type.framework";
		};
		EF9E578620D202D7007A8615 /* algTests */ = {
			isa = PBXNativeTarget;
			buildConfigurationList = EF9E579520D202D7007A8615 /* Build configuration list for PBXNativeTarget "algTests" */;
			buildPhases = (
				EF9E578320D202D7007A8615 /* Sources */,
				EF9E578420D202D7007A8615 /* Frameworks */,
				EF9E578520D202D7007A8615 /* Resources */,
			);
			buildRules = (
			);
			dependencies = (
				EF9E578A20D202D7007A8615 /* PBXTargetDependency */,
			);
			name = algTests;
			productName = algTests;
			productReference = EF9E578720D202D7007A8615 /* algTests.xctest */;
			productType = "com.apple.product-type.bundle.unit-test";
		};
/* End PBXNativeTarget section */

/* Begin PBXProject section */
		EF9E577520D202D7007A8615 /* Project object */ = {
			isa = PBXProject;
			attributes = {
				LastSwiftUpdateCheck = 0940;
				LastUpgradeCheck = 0940;
				ORGANIZATIONNAME = "Yu, Huiting";
				TargetAttributes = {
					EF9E577D20D202D7007A8615 = {
						CreatedOnToolsVersion = 9.4;
						LastSwiftMigration = 0940;
					};
					EF9E578620D202D7007A8615 = {
						CreatedOnToolsVersion = 9.4;
					};
				};
			};
			buildConfigurationList = EF9E577820D202D7007A8615 /* Build configuration list for PBXProject "alg" */;
			compatibilityVersion = "Xcode 9.3";
			developmentRegion = en;
			hasScannedForEncodings = 0;
			knownRegions = (
				en,
			);
			mainGroup = EF9E577420D202D7007A8615;
			productRefGroup = EF9E577F20D202D7007A8615 /* Products */;
			projectDirPath = "";
			projectRoot = "";
			targets = (
				EF9E577D20D202D7007A8615 /* alg */,
				EF9E578620D202D7007A8615 /* algTests */,
			);
		};
/* End PBXProject section */

/* Begin PBXResourcesBuildPhase section */
		EF9E577C20D202D7007A8615 /* Resources */ = {
			isa = PBXResourcesBuildPhase;
			buildActionMask = 2147483647;
			files = (
			);
			runOnlyForDeploymentPostprocessing = 0;
		};
		EF9E578520D202D7007A8615 /* Resources */ = {
			isa = PBXResourcesBuildPhase;
			buildActionMask = 2147483647;
			files = (
			);
			runOnlyForDeploymentPostprocessing = 0;
		};
/* End PBXResourcesBuildPhase section */

/* Begin PBXSourcesBuildPhase section */
		EF9E577920D202D7007A8615 /* Sources */ = {
			isa = PBXSourcesBuildPhase;
			buildActionMask = 2147483647;
			files = (
				EF679A7A20D204BE0027F3AC /* Trie.swift in Sources */,
				EFB4BDA420D3732200773053 /* Misc.swift in Sources */,
				EF679A7E20D2193A0027F3AC /* TextJustify.swift in Sources */,
				EF679A8620D2CDF90027F3AC /* WordSearch2.swift in Sources */,
				EF4D978620D56CC000DBA63F /* ScheduleMeeting.swift in Sources */,
				EF679A8D20D30BC60027F3AC /* PalindromePairs.swift in Sources */,
				EF679A8220D21F1D0027F3AC /* Extensions.swift in Sources */,
				EF679A8420D2C3430027F3AC /* AlienDictionary.swift in Sources */,
				EFE9938720D9D3A500E24E63 /* MiniParser.swift in Sources */,
				EF20B4D520D76250001D70BD /* RegExMatching.swift in Sources */,
				EF20B4D320D6F373001D70BD /* RoundPrice.swift in Sources */,
				EFF0F75A20D95E7600D7DEC1 /* Wizard.swift in Sources */,
				EFE9938520D9CF8600E24E63 /* CSVParser.swift in Sources */,
				EF4D977F20D4909300DBA63F /* IPtoCidr.swift in Sources */,
				EF4D978420D4B95C00DBA63F /* PourWater.swift in Sources */,
				EFB4BDA720D4377C00773053 /* QueueWithFixedArray.swift in Sources */,
				EF4D978820D56CF800DBA63F /* CheapestFlight.swift in Sources */,
				EFE9938320D9C98F00E24E63 /* SlidingGame.swift in Sources */,
				EFF0F75F20D9970400D7DEC1 /* FloodFill.swift in Sources */,
				EF0D440120D9B72B0073E126 /* PreferenceList.swift in Sources */,
				EFF0F76120D9A5D900D7DEC1 /* MenuCombinationSum.swift in Sources */,
				EF4D977D20D48AA300DBA63F /* BuddyList.swift in Sources */,
				EF679A8B20D2D5870027F3AC /* Flatten2DVector.swift in Sources */,
				EFB4BDA920D4585100773053 /* DisplayPage.swift in Sources */,
				EFF0F76320D9B6EE00D7DEC1 /* MinimumVortex.swift in Sources */,
			);
			runOnlyForDeploymentPostprocessing = 0;
		};
		EF9E578320D202D7007A8615 /* Sources */ = {
			isa = PBXSourcesBuildPhase;
			buildActionMask = 2147483647;
			files = (
				EF679A7C20D20D8B0027F3AC /* Utility.swift in Sources */,
				EF9E578D20D202D7007A8615 /* algTests.swift in Sources */,
			);
			runOnlyForDeploymentPostprocessing = 0;
		};
/* End PBXSourcesBuildPhase section */

/* Begin PBXTargetDependency section */
		EF9E578A20D202D7007A8615 /* PBXTargetDependency */ = {
			isa = PBXTargetDependency;
			target = EF9E577D20D202D7007A8615 /* alg */;
			targetProxy = EF9E578920D202D7007A8615 /* PBXContainerItemProxy */;
		};
/* End PBXTargetDependency section */

/* Begin XCBuildConfiguration section */
		EF9E579020D202D7007A8615 /* Debug */ = {
			isa = XCBuildConfiguration;
			buildSettings = {
				ALWAYS_SEARCH_USER_PATHS = NO;
				CLANG_ANALYZER_NONNULL = YES;
				CLANG_ANALYZER_NUMBER_OBJECT_CONVERSION = YES_AGGRESSIVE;
				CLANG_CXX_LANGUAGE_STANDARD = "gnu++14";
				CLANG_CXX_LIBRARY = "libc++";
				CLANG_ENABLE_MODULES = YES;
				CLANG_ENABLE_OBJC_ARC = YES;
				CLANG_ENABLE_OBJC_WEAK = YES;
				CLANG_WARN_BLOCK_CAPTURE_AUTORELEASING = YES;
				CLANG_WARN_BOOL_CONVERSION = YES;
				CLANG_WARN_COMMA = YES;
				CLANG_WARN_CONSTANT_CONVERSION = YES;
				CLANG_WARN_DEPRECATED_OBJC_IMPLEMENTATIONS = YES;
				CLANG_WARN_DIRECT_OBJC_ISA_USAGE = YES_ERROR;
				CLANG_WARN_DOCUMENTATION_COMMENTS = YES;
				CLANG_WARN_EMPTY_BODY = YES;
				CLANG_WARN_ENUM_CONVERSION = YES;
				CLANG_WARN_INFINITE_RECURSION = YES;
				CLANG_WARN_INT_CONVERSION = YES;
				CLANG_WARN_NON_LITERAL_NULL_CONVERSION = YES;
				CLANG_WARN_OBJC_IMPLICIT_RETAIN_SELF = YES;
				CLANG_WARN_OBJC_LITERAL_CONVERSION = YES;
				CLANG_WARN_OBJC_ROOT_CLASS = YES_ERROR;
				CLANG_WARN_RANGE_LOOP_ANALYSIS = YES;
				CLANG_WARN_STRICT_PROTOTYPES = YES;
				CLANG_WARN_SUSPICIOUS_MOVE = YES;
				CLANG_WARN_UNGUARDED_AVAILABILITY = YES_AGGRESSIVE;
				CLANG_WARN_UNREACHABLE_CODE = YES;
				CLANG_WARN__DUPLICATE_METHOD_MATCH = YES;
				CODE_SIGN_IDENTITY = "iPhone Developer";
				COPY_PHASE_STRIP = NO;
				CURRENT_PROJECT_VERSION = 1;
				DEBUG_INFORMATION_FORMAT = dwarf;
				ENABLE_STRICT_OBJC_MSGSEND = YES;
				ENABLE_TESTABILITY = YES;
				GCC_C_LANGUAGE_STANDARD = gnu11;
				GCC_DYNAMIC_NO_PIC = NO;
				GCC_NO_COMMON_BLOCKS = YES;
				GCC_OPTIMIZATION_LEVEL = 0;
				GCC_PREPROCESSOR_DEFINITIONS = (
					"DEBUG=1",
					"$(inherited)",
				);
				GCC_WARN_64_TO_32_BIT_CONVERSION = YES;
				GCC_WARN_ABOUT_RETURN_TYPE = YES_ERROR;
				GCC_WARN_UNDECLARED_SELECTOR = YES;
				GCC_WARN_UNINITIALIZED_AUTOS = YES_AGGRESSIVE;
				GCC_WARN_UNUSED_FUNCTION = YES;
				GCC_WARN_UNUSED_VARIABLE = YES;
				IPHONEOS_DEPLOYMENT_TARGET = 11.4;
				MTL_ENABLE_DEBUG_INFO = YES;
				ONLY_ACTIVE_ARCH = YES;
				SDKROOT = iphoneos;
				SWIFT_ACTIVE_COMPILATION_CONDITIONS = DEBUG;
				SWIFT_OPTIMIZATION_LEVEL = "-Onone";
				VERSIONING_SYSTEM = "apple-generic";
				VERSION_INFO_PREFIX = "";
			};
			name = Debug;
		};
		EF9E579120D202D7007A8615 /* Release */ = {
			isa = XCBuildConfiguration;
			buildSettings = {
				ALWAYS_SEARCH_USER_PATHS = NO;
				CLANG_ANALYZER_NONNULL = YES;
				CLANG_ANALYZER_NUMBER_OBJECT_CONVERSION = YES_AGGRESSIVE;
				CLANG_CXX_LANGUAGE_STANDARD = "gnu++14";
				CLANG_CXX_LIBRARY = "libc++";
				CLANG_ENABLE_MODULES = YES;
				CLANG_ENABLE_OBJC_ARC = YES;
				CLANG_ENABLE_OBJC_WEAK = YES;
				CLANG_WARN_BLOCK_CAPTURE_AUTORELEASING = YES;
				CLANG_WARN_BOOL_CONVERSION = YES;
				CLANG_WARN_COMMA = YES;
				CLANG_WARN_CONSTANT_CONVERSION = YES;
				CLANG_WARN_DEPRECATED_OBJC_IMPLEMENTATIONS = YES;
				CLANG_WARN_DIRECT_OBJC_ISA_USAGE = YES_ERROR;
				CLANG_WARN_DOCUMENTATION_COMMENTS = YES;
				CLANG_WARN_EMPTY_BODY = YES;
				CLANG_WARN_ENUM_CONVERSION = YES;
				CLANG_WARN_INFINITE_RECURSION = YES;
				CLANG_WARN_INT_CONVERSION = YES;
				CLANG_WARN_NON_LITERAL_NULL_CONVERSION = YES;
				CLANG_WARN_OBJC_IMPLICIT_RETAIN_SELF = YES;
				CLANG_WARN_OBJC_LITERAL_CONVERSION = YES;
				CLANG_WARN_OBJC_ROOT_CLASS = YES_ERROR;
				CLANG_WARN_RANGE_LOOP_ANALYSIS = YES;
				CLANG_WARN_STRICT_PROTOTYPES = YES;
				CLANG_WARN_SUSPICIOUS_MOVE = YES;
				CLANG_WARN_UNGUARDED_AVAILABILITY = YES_AGGRESSIVE;
				CLANG_WARN_UNREACHABLE_CODE = YES;
				CLANG_WARN__DUPLICATE_METHOD_MATCH = YES;
				CODE_SIGN_IDENTITY = "iPhone Developer";
				COPY_PHASE_STRIP = NO;
				CURRENT_PROJECT_VERSION = 1;
				DEBUG_INFORMATION_FORMAT = "dwarf-with-dsym";
				ENABLE_NS_ASSERTIONS = NO;
				ENABLE_STRICT_OBJC_MSGSEND = YES;
				GCC_C_LANGUAGE_STANDARD = gnu11;
				GCC_NO_COMMON_BLOCKS = YES;
				GCC_WARN_64_TO_32_BIT_CONVERSION = YES;
				GCC_WARN_ABOUT_RETURN_TYPE = YES_ERROR;
				GCC_WARN_UNDECLARED_SELECTOR = YES;
				GCC_WARN_UNINITIALIZED_AUTOS = YES_AGGRESSIVE;
				GCC_WARN_UNUSED_FUNCTION = YES;
				GCC_WARN_UNUSED_VARIABLE = YES;
				IPHONEOS_DEPLOYMENT_TARGET = 11.4;
				MTL_ENABLE_DEBUG_INFO = NO;
				SDKROOT = iphoneos;
				SWIFT_COMPILATION_MODE = wholemodule;
				SWIFT_OPTIMIZATION_LEVEL = "-O";
				VALIDATE_PRODUCT = YES;
				VERSIONING_SYSTEM = "apple-generic";
				VERSION_INFO_PREFIX = "";
			};
			name = Release;
		};
		EF9E579320D202D7007A8615 /* Debug */ = {
			isa = XCBuildConfiguration;
			buildSettings = {
				CLANG_ENABLE_MODULES = YES;
				CODE_SIGN_IDENTITY = "";
				CODE_SIGN_STYLE = Automatic;
				DEFINES_MODULE = YES;
				DYLIB_COMPATIBILITY_VERSION = 1;
				DYLIB_CURRENT_VERSION = 1;
				DYLIB_INSTALL_NAME_BASE = "@rpath";
				INFOPLIST_FILE = alg/Info.plist;
				INSTALL_PATH = "$(LOCAL_LIBRARY_DIR)/Frameworks";
				LD_RUNPATH_SEARCH_PATHS = (
					"$(inherited)",
					"@executable_path/Frameworks",
					"@loader_path/Frameworks",
				);
				PRODUCT_BUNDLE_IDENTIFIER = hyu.alg;
				PRODUCT_NAME = "$(TARGET_NAME:c99extidentifier)";
				SKIP_INSTALL = YES;
				SWIFT_OPTIMIZATION_LEVEL = "-Onone";
				SWIFT_VERSION = 4.0;
				TARGETED_DEVICE_FAMILY = "1,2";
			};
			name = Debug;
		};
		EF9E579420D202D7007A8615 /* Release */ = {
			isa = XCBuildConfiguration;
			buildSettings = {
				CLANG_ENABLE_MODULES = YES;
				CODE_SIGN_IDENTITY = "";
				CODE_SIGN_STYLE = Automatic;
				DEFINES_MODULE = YES;
				DYLIB_COMPATIBILITY_VERSION = 1;
				DYLIB_CURRENT_VERSION = 1;
				DYLIB_INSTALL_NAME_BASE = "@rpath";
				INFOPLIST_FILE = alg/Info.plist;
				INSTALL_PATH = "$(LOCAL_LIBRARY_DIR)/Frameworks";
				LD_RUNPATH_SEARCH_PATHS = (
					"$(inherited)",
					"@executable_path/Frameworks",
					"@loader_path/Frameworks",
				);
				PRODUCT_BUNDLE_IDENTIFIER = hyu.alg;
				PRODUCT_NAME = "$(TARGET_NAME:c99extidentifier)";
				SKIP_INSTALL = YES;
				SWIFT_VERSION = 4.0;
				TARGETED_DEVICE_FAMILY = "1,2";
			};
			name = Release;
		};
		EF9E579620D202D7007A8615 /* Debug */ = {
			isa = XCBuildConfiguration;
			buildSettings = {
				ALWAYS_EMBED_SWIFT_STANDARD_LIBRARIES = YES;
				CODE_SIGN_STYLE = Automatic;
				INFOPLIST_FILE = algTests/Info.plist;
				LD_RUNPATH_SEARCH_PATHS = (
					"$(inherited)",
					"@executable_path/Frameworks",
					"@loader_path/Frameworks",
				);
				PRODUCT_BUNDLE_IDENTIFIER = hyu.algTests;
				PRODUCT_NAME = "$(TARGET_NAME)";
				SWIFT_VERSION = 4.0;
				TARGETED_DEVICE_FAMILY = "1,2";
			};
			name = Debug;
		};
		EF9E579720D202D7007A8615 /* Release */ = {
			isa = XCBuildConfiguration;
			buildSettings = {
				ALWAYS_EMBED_SWIFT_STANDARD_LIBRARIES = YES;
				CODE_SIGN_STYLE = Automatic;
				INFOPLIST_FILE = algTests/Info.plist;
				LD_RUNPATH_SEARCH_PATHS = (
					"$(inherited)",
					"@executable_path/Frameworks",
					"@loader_path/Frameworks",
				);
				PRODUCT_BUNDLE_IDENTIFIER = hyu.algTests;
				PRODUCT_NAME = "$(TARGET_NAME)";
				SWIFT_VERSION = 4.0;
				TARGETED_DEVICE_FAMILY = "1,2";
			};
			name = Release;
		};
/* End XCBuildConfiguration section */

/* Begin XCConfigurationList section */
		EF9E577820D202D7007A8615 /* Build configuration list for PBXProject "alg" */ = {
			isa = XCConfigurationList;
			buildConfigurations = (
				EF9E579020D202D7007A8615 /* Debug */,
				EF9E579120D202D7007A8615 /* Release */,
			);
			defaultConfigurationIsVisible = 0;
			defaultConfigurationName = Release;
		};
		EF9E579220D202D7007A8615 /* Build configuration list for PBXNativeTarget "alg" */ = {
			isa = XCConfigurationList;
			buildConfigurations = (
				EF9E579320D202D7007A8615 /* Debug */,
				EF9E579420D202D7007A8615 /* Release */,
			);
			defaultConfigurationIsVisible = 0;
			defaultConfigurationName = Release;
		};
		EF9E579520D202D7007A8615 /* Build configuration list for PBXNativeTarget "algTests" */ = {
			isa = XCConfigurationList;
			buildConfigurations = (
				EF9E579620D202D7007A8615 /* Debug */,
				EF9E579720D202D7007A8615 /* Release */,
			);
			defaultConfigurationIsVisible = 0;
			defaultConfigurationName = Release;
		};
/* End XCConfigurationList section */
	};
	rootObject = EF9E577520D202D7007A8615 /* Project object */;
}
